
Microsoft Visual Studio Solution File, Format Version 12.00
# Visual Studio Version 16
VisualStudioVersion = 16.0.29613.14
MinimumVisualStudioVersion = 10.0.40219.1
Project("{8BC9CEB8-8B4A-11D0-8D11-00A0C91BC942}") = "lab1_CEG4536", "lab1_CEG4536\lab1_CEG4536.vcxproj", "{84E718A1-A692-4BA4-9182-51348F2C7450}"
EndProject
Global
	GlobalSection(SolutionConfigurationPlatforms) = preSolution
		Debug|x64 = Debug|x64
		Debug|x86 = Debug|x86
		Release|x64 = Release|x64
		Release|x86 = Release|x86
	EndGlobalSection
	GlobalSection(ProjectConfigurationPlatforms) = postSolution
		{84E718A1-A692-4BA4-9182-51348F2C7450}.Debug|x64.ActiveCfg = Debug|x64
		{84E718A1-A692-4BA4-9182-51348F2C7450}.Debug|x64.Build.0 = Debug|x64
		{84E718A1-A692-4BA4-9182-51348F2C7450}.Debug|x86.ActiveCfg = Debug|Win32
		{84E718A1-A692-4BA4-9182-51348F2C7450}.Debug|x86.Build.0 = Debug|Win32
		{84E718A1-A692-4BA4-9182-51348F2C7450}.Release|x64.ActiveCfg = Release|x64
		{84E718A1-A692-4BA4-9182-51348F2C7450}.Release|x64.Build.0 = Release|x64
		{84E718A1-A692-4BA4-9182-51348F2C7450}.Release|x86.ActiveCfg = Release|Win32
		{84E718A1-A692-4BA4-9182-51348F2C7450}.Release|x86.Build.0 = Release|Win32
	EndGlobalSection
	GlobalSection(SolutionProperties) = preSolution
		HideSolutionNode = FALSE
	EndGlobalSection
	GlobalSection(ExtensibilityGlobals) = postSolution
		SolutionGuid = {0E0E4303-A858-47F5-B1B9-B76918C222C0}
	EndGlobalSection
EndGlobal
